
Microsoft Visual Studio Solution File, Format Version 12.00
# Visual Studio Version 16
VisualStudioVersion = 16.0.31129.286
MinimumVisualStudioVersion = 10.0.40219.1
Project("{FAE04EC0-301F-11D3-BF4B-00C04F79EFBC}") = "GetAndPost", "GetAndPost\GetAndPost.csproj", "{7105DEFE-7459-4C1B-877C-1AA02284E06A}"
EndProject
Global
	GlobalSection(SolutionConfigurationPlatforms) = preSolution
		Debug|Any CPU = Debug|Any CPU
		Release|Any CPU = Release|Any CPU
	EndGlobalSection
	GlobalSection(ProjectConfigurationPlatforms) = postSolution
		{7105DEFE-7459-4C1B-877C-1AA02284E06A}.Debug|Any CPU.ActiveCfg = Debug|Any CPU
		{7105DEFE-7459-4C1B-877C-1AA02284E06A}.Debug|Any CPU.Build.0 = Debug|Any CPU
		{7105DEFE-7459-4C1B-877C-1AA02284E06A}.Release|Any CPU.ActiveCfg = Release|Any CPU
		{7105DEFE-7459-4C1B-877C-1AA02284E06A}.Release|Any CPU.Build.0 = Release|Any CPU
	EndGlobalSection
	GlobalSection(SolutionProperties) = preSolution
		HideSolutionNode = FALSE
	EndGlobalSection
	GlobalSection(ExtensibilityGlobals) = postSolution
		SolutionGuid = {8B591DFB-2005-44BB-899A-EA5219A2A7CE}
	EndGlobalSection
EndGlobal
